{
  "version": 4,
  "terraform_version": "1.1.7",
  "serial": 41,
  "lineage": "0a018b56-9ee6-d2c5-f8a7-d31756b9508d",
  "outputs": {},
  "resources": [
    {
      "mode": "managed",
      "type": "google_compute_firewall",
      "name": "web",
      "provider": "provider[\"registry.terraform.io/hashicorp/google\"]",
      "instances": [
        {
          "schema_version": 1,
          "attributes": {
            "allow": [
              {
                "ports": [
                  "80",
                  "432",
                  "22"
                ],
                "protocol": "tcp"
              }
            ],
            "creation_timestamp": "2022-03-24T00:35:13.619-07:00",
            "deny": [],
            "description": "",
            "destination_ranges": [],
            "direction": "INGRESS",
            "disabled": false,
            "enable_logging": null,
            "id": "projects/ali-project-339613/global/firewalls/web-access",
            "log_config": [],
            "name": "web-access",
            "network": "https://www.googleapis.com/compute/v1/projects/ali-project-339613/global/networks/ali-project-339613-vpc",
            "priority": 1000,
            "project": "ali-project-339613",
            "self_link": "https://www.googleapis.com/compute/v1/projects/ali-project-339613/global/firewalls/web-access",
            "source_ranges": [
              "0.0.0.0/0"
            ],
            "source_service_accounts": [],
            "source_tags": [],
            "target_service_accounts": [],
            "target_tags": [],
            "timeouts": null
          },
          "sensitive_attributes": [],
          "private": "eyJlMmJmYjczMC1lY2FhLTExZTYtOGY4OC0zNDM2M2JjN2M0YzAiOnsiY3JlYXRlIjoyNDAwMDAwMDAwMDAsImRlbGV0ZSI6MjQwMDAwMDAwMDAwLCJ1cGRhdGUiOjI0MDAwMDAwMDAwMH0sInNjaGVtYV92ZXJzaW9uIjoiMSJ9",
          "dependencies": [
            "google_compute_network.vpc"
          ]
        }
      ]
    },
    {
      "mode": "managed",
      "type": "google_compute_network",
      "name": "vpc",
      "provider": "provider[\"registry.terraform.io/hashicorp/google\"]",
      "instances": [
        {
          "schema_version": 0,
          "attributes": {
            "auto_create_subnetworks": false,
            "delete_default_routes_on_create": false,
            "description": "",
            "gateway_ipv4": "",
            "id": "projects/ali-project-339613/global/networks/ali-project-339613-vpc",
            "mtu": 0,
            "name": "ali-project-339613-vpc",
            "project": "ali-project-339613",
            "routing_mode": "REGIONAL",
            "self_link": "https://www.googleapis.com/compute/v1/projects/ali-project-339613/global/networks/ali-project-339613-vpc",
            "timeouts": null
          },
          "sensitive_attributes": [],
          "private": "eyJlMmJmYjczMC1lY2FhLTExZTYtOGY4OC0zNDM2M2JjN2M0YzAiOnsiY3JlYXRlIjoyNDAwMDAwMDAwMDAsImRlbGV0ZSI6MjQwMDAwMDAwMDAwLCJ1cGRhdGUiOjI0MDAwMDAwMDAwMH19"
        }
      ]
    },
    {
      "mode": "managed",
      "type": "google_compute_subnetwork",
      "name": "subnet",
      "provider": "provider[\"registry.terraform.io/hashicorp/google\"]",
      "instances": [
        {
          "schema_version": 0,
          "attributes": {
            "creation_timestamp": "2022-03-24T00:35:13.914-07:00",
            "description": "",
            "fingerprint": null,
            "gateway_address": "10.10.0.1",
            "id": "projects/ali-project-339613/regions/us-central1/subnetworks/ali-project-339613-subnet",
            "ip_cidr_range": "10.10.0.0/24",
            "log_config": [],
            "name": "ali-project-339613-subnet",
            "network": "https://www.googleapis.com/compute/v1/projects/ali-project-339613/global/networks/ali-project-339613-vpc",
            "private_ip_google_access": false,
            "private_ipv6_google_access": "DISABLE_GOOGLE_ACCESS",
            "project": "ali-project-339613",
            "region": "us-central1",
            "secondary_ip_range": [],
            "self_link": "https://www.googleapis.com/compute/v1/projects/ali-project-339613/regions/us-central1/subnetworks/ali-project-339613-subnet",
            "timeouts": null
          },
          "sensitive_attributes": [],
          "private": "eyJlMmJmYjczMC1lY2FhLTExZTYtOGY4OC0zNDM2M2JjN2M0YzAiOnsiY3JlYXRlIjozNjAwMDAwMDAwMDAsImRlbGV0ZSI6MzYwMDAwMDAwMDAwLCJ1cGRhdGUiOjM2MDAwMDAwMDAwMH19",
          "dependencies": [
            "google_compute_network.vpc"
          ]
        }
      ]
    },
    {
      "mode": "managed",
      "type": "google_container_cluster",
      "name": "primary",
      "provider": "provider[\"registry.terraform.io/hashicorp/google\"]",
      "instances": [
        {
          "schema_version": 1,
          "attributes": {
            "addons_config": [
              {
                "cloudrun_config": [],
                "horizontal_pod_autoscaling": [],
                "http_load_balancing": [],
                "network_policy_config": [
                  {
                    "disabled": true
                  }
                ]
              }
            ],
            "authenticator_groups_config": [],
            "cluster_autoscaling": [
              {
                "auto_provisioning_defaults": [],
                "enabled": false,
                "resource_limits": []
              }
            ],
            "cluster_ipv4_cidr": "10.48.0.0/14",
            "database_encryption": [
              {
                "key_name": "",
                "state": "DECRYPTED"
              }
            ],
            "default_max_pods_per_node": 110,
            "description": "",
            "enable_binary_authorization": false,
            "enable_intranode_visibility": null,
            "enable_kubernetes_alpha": false,
            "enable_legacy_abac": false,
            "enable_shielded_nodes": false,
            "enable_tpu": null,
            "endpoint": "104.198.245.190",
            "id": "projects/ali-project-339613/locations/us-central1-a/clusters/ali-project-339613-gke",
            "initial_node_count": 1,
            "instance_group_urls": [
              "https://www.googleapis.com/compute/v1/projects/ali-project-339613/zones/us-central1-a/instanceGroups/gke-ali-project-339613-g-default-pool-0272ffe6-grp"
            ],
            "ip_allocation_policy": [
              {
                "cluster_ipv4_cidr_block": "10.48.0.0/14",
                "cluster_secondary_range_name": "gke-ali-project-339613-gke-pods-423630b9",
                "services_ipv4_cidr_block": "10.52.0.0/20",
                "services_secondary_range_name": "gke-ali-project-339613-gke-services-423630b9"
              }
            ],
            "label_fingerprint": "a9dc16a7",
            "location": "us-central1-a",
            "logging_service": "logging.googleapis.com/kubernetes",
            "maintenance_policy": [],
            "master_auth": [
              {
                "client_certificate": "",
                "client_certificate_config": [
                  {
                    "issue_client_certificate": false
                  }
                ],
                "client_key": "",
                "cluster_ca_certificate": "LS0tLS1CRUdJTiBDRVJUSUZJQ0FURS0tLS0tCk1JSUVMVENDQXBXZ0F3SUJBZ0lSQVBaR3pYZitSRks4RkNNWnIwYVpyREV3RFFZSktvWklodmNOQVFFTEJRQXcKTHpFdE1Dc0dBMVVFQXhNa05qTTFaVEE0T0dNdFpUbGlPUzAwWkRFNUxUbGlNRFF0TWpVek4yUmhaVEk0TldNMApNQ0FYRFRJeU1ETXlOekE0TkRZeE1sb1lEekl3TlRJd016RTVNRGswTmpFeVdqQXZNUzB3S3dZRFZRUURFeVEyCk16VmxNRGc0WXkxbE9XSTVMVFJrTVRrdE9XSXdOQzB5TlRNM1pHRmxNamcxWXpRd2dnR2lNQTBHQ1NxR1NJYjMKRFFFQkFRVUFBNElCandBd2dnR0tBb0lCZ1FDTzhMSVQ4OWxjNkxSQXcxbmlCeWlyd2s5RkZuQjZNU3h6dlBmMApjelFDdlo3KytsZkVuUTJNTVJhU0NDanE0K3AxelJMbnVOLzNwUk1VQkhPRjRpU3lUVHhLSnhtR2pqRWozLzhOCkVpd0lWbHVuZlNVNXBDV2hOVHNtVDFpNlF1OG92Rkk2ZW52dkNHQW1vUWpEZktuN045L2lWSlQzOWFyT0E3WFgKbFI4TjBTTEQ1MzYvUjdFS2k2N1oxS1lFZDVjY2FhL1FCWE5jTVR4UU5BeXFmcnplTFF0SzVNS3RzR0U4dVQ5dgpvS1lvMS9rbllWRzB2ZkhoYU1EMlAvNkljL3BlU1FoRVdvWVBBc1pFWVM4UUNFNWVtV2c2RFVIZnh2emI3dC9wCkhhN3ZPWjlIeEx0MHFtR1hKdVk3WWRlcmdKeDNIVnZwb2FPemo1LzlDaEVLTlNSM3NONDFiRWRwUkRPTTVoZWwKU1hpSDVpOWNtUnRFdE0ya2tJdGdqaENNeU9jdCt4SCs5dlNXNnY2SUpxbGJWZy9JQVpySzNiRVlQakdZeVkrUQo3S0l2c3cyb3BNZFV1UXhlbHNoZGtQdDFkNDZ2MTBOMWpldm1kWnFwUnR5WDUwbm56WXhSUy9wdldnckliT2xKClZ2L1EzTjY5YlJlODViakpGSHFnSCtNeXJKVUNBd0VBQWFOQ01FQXdEZ1lEVlIwUEFRSC9CQVFEQWdJRU1BOEcKQTFVZEV3RUIvd1FGTUFNQkFmOHdIUVlEVlIwT0JCWUVGRmJxUkYzTVB6L3dKQWlVc3lEYS9TckNsUU5CTUEwRwpDU3FHU0liM0RRRUJDd1VBQTRJQmdRQUR5OWZTVXNubEo0QXFEeGUrMXRYRHVEV3BzUkZYU0tGdUFlSXNyT1FnCnVWMTBtc0sxS1VPeDA3VHRiQXFjdmxsendkUnNaTFpLd1Q0MFI2NXBSRWJuU05EZGVUS3NmWllBYmJsRm5FSlcKZXd0TXNEMnlsVGdzRGRFUnZjQXBNcm9xZFJ5SVRZS21xeEE1ZHllSm5MT09QbU1FWEMrc25TL1Zna3BqZ2NhUApldi9saE9EU1pQZDA1c0Ura0IvdHdSMmJ5N3ROaXdoRFRuY2F6WGJmZkJJRUpOZXJkS29JL2lLUDlGK1NrMFNGClZzc1dWRTZUUko0dEdzd2UyakU4MTRNNG1leXh4dTgraVJ0U05CL0RJWUJBMmo4TVFrL0FQNmtVV1llaWgvZ2cKS3hub1JOWDk0WEJydk12QjUvYnNYS21BMEpSd3Rob1VwaHFrcTZoSFU0VVVVMnJJTHRFRWJHakdZZElNNVhJVgpxZVdMTzQ1RUpsN09ZdmN2QW9pNFdVS0FDYWRWYkhQOUhjbElyZHFLWDF4RktGcjdDRTQvU0VIUXA3NVZsUTlhCnhSQnNNL2ZCclNZNC95OG16eUJZa2xob2tVN3VNZjZuYnVsZXZhcmFFQW1OVVJNVFRKZVpVR1laUUMzWUU5RWcKUEV1eGlUWHk0SEtnWVFUT2h0M3VjZEk9Ci0tLS0tRU5EIENFUlRJRklDQVRFLS0tLS0K",
                "password": "",
                "username": ""
              }
            ],
            "master_authorized_networks_config": [],
            "master_version": "1.21.9-gke.1002",
            "min_master_version": null,
            "monitoring_service": "monitoring.googleapis.com/kubernetes",
            "name": "ali-project-339613-gke",
            "network": "projects/ali-project-339613/global/networks/ali-project-339613-vpc",
            "network_policy": [
              {
                "enabled": false,
                "provider": "PROVIDER_UNSPECIFIED"
              }
            ],
            "node_config": [
              {
                "disk_size_gb": 100,
                "disk_type": "pd-standard",
                "guest_accelerator": [],
                "image_type": "COS_CONTAINERD",
                "labels": {},
                "local_ssd_count": 0,
                "machine_type": "e2-medium",
                "metadata": {
                  "disable-legacy-endpoints": "true"
                },
                "min_cpu_platform": "",
                "oauth_scopes": [
                  "https://www.googleapis.com/auth/devstorage.read_only",
                  "https://www.googleapis.com/auth/logging.write",
                  "https://www.googleapis.com/auth/monitoring",
                  "https://www.googleapis.com/auth/service.management.readonly",
                  "https://www.googleapis.com/auth/servicecontrol",
                  "https://www.googleapis.com/auth/trace.append"
                ],
                "preemptible": false,
                "service_account": "default",
                "shielded_instance_config": [
                  {
                    "enable_integrity_monitoring": true,
                    "enable_secure_boot": false
                  }
                ],
                "tags": [],
                "taint": [],
                "workload_metadata_config": []
              }
            ],
            "node_locations": [],
            "node_pool": [
              {
                "autoscaling": [],
                "initial_node_count": 1,
                "instance_group_urls": [
                  "https://www.googleapis.com/compute/v1/projects/ali-project-339613/zones/us-central1-a/instanceGroupManagers/gke-ali-project-339613-g-default-pool-0272ffe6-grp"
                ],
                "management": [
                  {
                    "auto_repair": true,
                    "auto_upgrade": true
                  }
                ],
                "max_pods_per_node": 110,
                "name": "default-pool",
                "name_prefix": "",
                "node_config": [
                  {
                    "disk_size_gb": 100,
                    "disk_type": "pd-standard",
                    "guest_accelerator": [],
                    "image_type": "COS_CONTAINERD",
                    "labels": {},
                    "local_ssd_count": 0,
                    "machine_type": "e2-medium",
                    "metadata": {
                      "disable-legacy-endpoints": "true"
                    },
                    "min_cpu_platform": "",
                    "oauth_scopes": [
                      "https://www.googleapis.com/auth/devstorage.read_only",
                      "https://www.googleapis.com/auth/logging.write",
                      "https://www.googleapis.com/auth/monitoring",
                      "https://www.googleapis.com/auth/service.management.readonly",
                      "https://www.googleapis.com/auth/servicecontrol",
                      "https://www.googleapis.com/auth/trace.append"
                    ],
                    "preemptible": false,
                    "service_account": "default",
                    "shielded_instance_config": [
                      {
                        "enable_integrity_monitoring": true,
                        "enable_secure_boot": false
                      }
                    ],
                    "tags": [],
                    "taint": [],
                    "workload_metadata_config": []
                  }
                ],
                "node_count": 1,
                "node_locations": [
                  "us-central1-a"
                ],
                "upgrade_settings": [
                  {
                    "max_surge": 1,
                    "max_unavailable": 0
                  }
                ],
                "version": "1.21.9-gke.1002"
              }
            ],
            "node_version": "1.21.9-gke.1002",
            "operation": null,
            "pod_security_policy_config": [],
            "private_cluster_config": [],
            "project": "ali-project-339613",
            "release_channel": [
              {
                "channel": "REGULAR"
              }
            ],
            "remove_default_node_pool": false,
            "resource_labels": null,
            "resource_usage_export_config": [],
            "self_link": "https://container.googleapis.com/v1beta1/projects/ali-project-339613/zones/us-central1-a/clusters/ali-project-339613-gke",
            "services_ipv4_cidr": "10.52.0.0/20",
            "subnetwork": "projects/ali-project-339613/regions/us-central1/subnetworks/ali-project-339613-subnet",
            "timeouts": null,
            "vertical_pod_autoscaling": [],
            "workload_identity_config": []
          },
          "sensitive_attributes": [],
          "private": "eyJlMmJmYjczMC1lY2FhLTExZTYtOGY4OC0zNDM2M2JjN2M0YzAiOnsiY3JlYXRlIjoyNDAwMDAwMDAwMDAwLCJkZWxldGUiOjI0MDAwMDAwMDAwMDAsInJlYWQiOjI0MDAwMDAwMDAwMDAsInVwZGF0ZSI6MzYwMDAwMDAwMDAwMH0sInNjaGVtYV92ZXJzaW9uIjoiMSJ9",
          "dependencies": [
            "google_compute_network.vpc",
            "google_compute_subnetwork.subnet"
          ]
        }
      ]
    },
    {
      "mode": "managed",
      "type": "google_container_node_pool",
      "name": "primary_nodes",
      "provider": "provider[\"registry.terraform.io/hashicorp/google\"]",
      "instances": [
        {
          "schema_version": 1,
          "attributes": {
            "autoscaling": [],
            "cluster": "ali-project-339613-gke",
            "id": "projects/ali-project-339613/locations/us-central1-a/clusters/ali-project-339613-gke/nodePools/ali-project-339613-gke-node-pool",
            "initial_node_count": 3,
            "instance_group_urls": [
              "https://www.googleapis.com/compute/v1/projects/ali-project-339613/zones/us-central1-a/instanceGroupManagers/gke-ali-project-3396-ali-project-3396-3bb70f70-grp"
            ],
            "location": "us-central1-a",
            "management": [
              {
                "auto_repair": true,
                "auto_upgrade": true
              }
            ],
            "max_pods_per_node": 110,
            "name": "ali-project-339613-gke-node-pool",
            "name_prefix": "",
            "node_config": [
              {
                "disk_size_gb": 100,
                "disk_type": "pd-standard",
                "guest_accelerator": [],
                "image_type": "COS_CONTAINERD",
                "labels": {
                  "env": "ali-project-339613"
                },
                "local_ssd_count": 0,
                "machine_type": "n1-standard-1",
                "metadata": {
                  "disable-legacy-endpoints": "true"
                },
                "min_cpu_platform": "",
                "oauth_scopes": [
                  "https://www.googleapis.com/auth/logging.write",
                  "https://www.googleapis.com/auth/monitoring"
                ],
                "preemptible": false,
                "service_account": "default",
                "shielded_instance_config": [
                  {
                    "enable_integrity_monitoring": true,
                    "enable_secure_boot": false
                  }
                ],
                "tags": [
                  "gke-node",
                  "ali-project-339613-gke"
                ],
                "taint": [],
                "workload_metadata_config": []
              }
            ],
            "node_count": 3,
            "node_locations": [
              "us-central1-a"
            ],
            "project": "ali-project-339613",
            "timeouts": null,
            "upgrade_settings": [
              {
                "max_surge": 1,
                "max_unavailable": 0
              }
            ],
            "version": "1.21.9-gke.1002"
          },
          "sensitive_attributes": [],
          "private": "eyJlMmJmYjczMC1lY2FhLTExZTYtOGY4OC0zNDM2M2JjN2M0YzAiOnsiY3JlYXRlIjoxODAwMDAwMDAwMDAwLCJkZWxldGUiOjE4MDAwMDAwMDAwMDAsInVwZGF0ZSI6MTgwMDAwMDAwMDAwMH0sInNjaGVtYV92ZXJzaW9uIjoiMSJ9",
          "dependencies": [
            "google_compute_network.vpc",
            "google_compute_subnetwork.subnet",
            "google_container_cluster.primary"
          ]
        }
      ]
    }
  ]
}
