{
  "version": 4,
  "terraform_version": "1.1.7",
  "serial": 44,
  "lineage": "0a018b56-9ee6-d2c5-f8a7-d31756b9508d",
  "outputs": {},
  "resources": [
    {
      "mode": "managed",
      "type": "google_compute_firewall",
      "name": "web",
      "provider": "provider[\"registry.terraform.io/hashicorp/google\"]",
      "instances": [
        {
          "schema_version": 1,
          "attributes": {
            "allow": [
              {
                "ports": [
                  "80",
                  "432",
                  "22"
                ],
                "protocol": "tcp"
              }
            ],
            "creation_timestamp": "2022-03-24T00:35:13.619-07:00",
            "deny": [],
            "description": "",
            "destination_ranges": [],
            "direction": "INGRESS",
            "disabled": false,
            "enable_logging": null,
            "id": "projects/ali-project-339613/global/firewalls/web-access",
            "log_config": [],
            "name": "web-access",
            "network": "https://www.googleapis.com/compute/v1/projects/ali-project-339613/global/networks/ali-project-339613-vpc",
            "priority": 1000,
            "project": "ali-project-339613",
            "self_link": "https://www.googleapis.com/compute/v1/projects/ali-project-339613/global/firewalls/web-access",
            "source_ranges": [
              "0.0.0.0/0"
            ],
            "source_service_accounts": [],
            "source_tags": [],
            "target_service_accounts": [],
            "target_tags": [],
            "timeouts": null
          },
          "sensitive_attributes": [],
          "private": "eyJlMmJmYjczMC1lY2FhLTExZTYtOGY4OC0zNDM2M2JjN2M0YzAiOnsiY3JlYXRlIjoyNDAwMDAwMDAwMDAsImRlbGV0ZSI6MjQwMDAwMDAwMDAwLCJ1cGRhdGUiOjI0MDAwMDAwMDAwMH0sInNjaGVtYV92ZXJzaW9uIjoiMSJ9",
          "dependencies": [
            "google_compute_network.vpc"
          ]
        }
      ]
    },
    {
      "mode": "managed",
      "type": "google_compute_network",
      "name": "vpc",
      "provider": "provider[\"registry.terraform.io/hashicorp/google\"]",
      "instances": [
        {
          "schema_version": 0,
          "attributes": {
            "auto_create_subnetworks": false,
            "delete_default_routes_on_create": false,
            "description": "",
            "gateway_ipv4": "",
            "id": "projects/ali-project-339613/global/networks/ali-project-339613-vpc",
            "mtu": 0,
            "name": "ali-project-339613-vpc",
            "project": "ali-project-339613",
            "routing_mode": "REGIONAL",
            "self_link": "https://www.googleapis.com/compute/v1/projects/ali-project-339613/global/networks/ali-project-339613-vpc",
            "timeouts": null
          },
          "sensitive_attributes": [],
          "private": "eyJlMmJmYjczMC1lY2FhLTExZTYtOGY4OC0zNDM2M2JjN2M0YzAiOnsiY3JlYXRlIjoyNDAwMDAwMDAwMDAsImRlbGV0ZSI6MjQwMDAwMDAwMDAwLCJ1cGRhdGUiOjI0MDAwMDAwMDAwMH19"
        }
      ]
    },
    {
      "mode": "managed",
      "type": "google_compute_subnetwork",
      "name": "subnet",
      "provider": "provider[\"registry.terraform.io/hashicorp/google\"]",
      "instances": [
        {
          "schema_version": 0,
          "attributes": {
            "creation_timestamp": "2022-03-24T00:35:13.914-07:00",
            "description": "",
            "fingerprint": null,
            "gateway_address": "10.10.0.1",
            "id": "projects/ali-project-339613/regions/us-central1/subnetworks/ali-project-339613-subnet",
            "ip_cidr_range": "10.10.0.0/24",
            "log_config": [],
            "name": "ali-project-339613-subnet",
            "network": "https://www.googleapis.com/compute/v1/projects/ali-project-339613/global/networks/ali-project-339613-vpc",
            "private_ip_google_access": false,
            "private_ipv6_google_access": "DISABLE_GOOGLE_ACCESS",
            "project": "ali-project-339613",
            "region": "us-central1",
            "secondary_ip_range": [],
            "self_link": "https://www.googleapis.com/compute/v1/projects/ali-project-339613/regions/us-central1/subnetworks/ali-project-339613-subnet",
            "timeouts": null
          },
          "sensitive_attributes": [],
          "private": "eyJlMmJmYjczMC1lY2FhLTExZTYtOGY4OC0zNDM2M2JjN2M0YzAiOnsiY3JlYXRlIjozNjAwMDAwMDAwMDAsImRlbGV0ZSI6MzYwMDAwMDAwMDAwLCJ1cGRhdGUiOjM2MDAwMDAwMDAwMH19",
          "dependencies": [
            "google_compute_network.vpc"
          ]
        }
      ]
    },
    {
      "mode": "managed",
      "type": "google_container_cluster",
      "name": "primary",
      "provider": "provider[\"registry.terraform.io/hashicorp/google\"]",
      "instances": [
        {
          "schema_version": 1,
          "attributes": {
            "addons_config": [
              {
                "cloudrun_config": [],
                "horizontal_pod_autoscaling": [],
                "http_load_balancing": [],
                "network_policy_config": [
                  {
                    "disabled": true
                  }
                ]
              }
            ],
            "authenticator_groups_config": [],
            "cluster_autoscaling": [
              {
                "auto_provisioning_defaults": [],
                "enabled": false,
                "resource_limits": []
              }
            ],
            "cluster_ipv4_cidr": "10.48.0.0/14",
            "database_encryption": [
              {
                "key_name": "",
                "state": "DECRYPTED"
              }
            ],
            "default_max_pods_per_node": 110,
            "description": "",
            "enable_binary_authorization": false,
            "enable_intranode_visibility": null,
            "enable_kubernetes_alpha": false,
            "enable_legacy_abac": false,
            "enable_shielded_nodes": false,
            "enable_tpu": null,
            "endpoint": "34.67.71.139",
            "id": "projects/ali-project-339613/locations/us-central1-a/clusters/ali-project-339613-gke",
            "initial_node_count": 1,
            "instance_group_urls": [],
            "ip_allocation_policy": [
              {
                "cluster_ipv4_cidr_block": "10.48.0.0/14",
                "cluster_secondary_range_name": "gke-ali-project-339613-gke-pods-5474d3af",
                "services_ipv4_cidr_block": "10.52.0.0/20",
                "services_secondary_range_name": "gke-ali-project-339613-gke-services-5474d3af"
              }
            ],
            "label_fingerprint": "a9dc16a7",
            "location": "us-central1-a",
            "logging_service": "logging.googleapis.com/kubernetes",
            "maintenance_policy": [],
            "master_auth": [
              {
                "client_certificate": "",
                "client_certificate_config": [
                  {
                    "issue_client_certificate": false
                  }
                ],
                "client_key": "",
                "cluster_ca_certificate": "LS0tLS1CRUdJTiBDRVJUSUZJQ0FURS0tLS0tCk1JSUVMVENDQXBXZ0F3SUJBZ0lSQVBEYlllL1JsZXQwbUg0S2MyRmJ1Wjh3RFFZSktvWklodmNOQVFFTEJRQXcKTHpFdE1Dc0dBMVVFQXhNa01EWXlZMlprWkdNdE1EbGtaQzAwTVRZeUxUZzJOakF0WWpWalpqZGhZakZsTUdZMwpNQ0FYRFRJeU1ETXlOekE0TlRVME9Wb1lEekl3TlRJd016RTVNRGsxTlRRNVdqQXZNUzB3S3dZRFZRUURFeVF3Ck5qSmpabVJrWXkwd09XUmtMVFF4TmpJdE9EWTJNQzFpTldObU4yRmlNV1V3Wmpjd2dnR2lNQTBHQ1NxR1NJYjMKRFFFQkFRVUFBNElCandBd2dnR0tBb0lCZ1FDbER1V25mR0E5R3RPbjZ5NXhmT25RSmdjZU81SjB1dTRLMW1iWApzVUI1alU1RGZielNNaFNzOW1lR2VnelFaQ2lRTllVWUx5N1dENmtqaERMTWJDaGdzSlVHUGx2NFQ1bk1KMm1DCkFzU2U1TEduVnBVSVdidmtwR0c4d0xtNkx0eEI2RS9VYjhORzMzRnlFOHc3cUFrM2pwWnRza0VnVHFVcjkvMEEKZmtpMWh6WEtkc2xVTGV2ZnJrbDg5WlhrNkdWekJ0VDJGbUUxMisvTVJnaXo4YllSWnFtOFdTS0c0Nlh5Z2hYSgpIS2NtWjRhWlVWVmNMRjdpdUZaRmd5cHBzMGpzaWVMNDZ2aXVRdlpXOGxCYVNTcUNNWkZJNnBaYm4rWVN5UURECnZSQWtMb2dzdWo1eTZiUmE2ZjFIaGlLMDVaa283NXlDOUFwdWk1Nkh2Rld3Y2pINCtEeGNhTTJGTXhsOFJkTXYKeUhSOHU4YllGb3pJYkcxdlNQWXgwbWUvUmhGQktYcGViZ0cwU0xEd2tBZ3VOU1B3dGVPN1U0a09TOFZaVlByMwpoVlJ6c3ZGWXkzejZsZ0k2dmFhWFdtMkxiaFNUeWtXSnhiNmxQaDJUKzlyMGFIYlJCaFNOQWdKZXUzU1gvRlhrCjJFV1JaYWRzVHl5NzN2TEFnTmFGSERldklJTUNBd0VBQWFOQ01FQXdEZ1lEVlIwUEFRSC9CQVFEQWdJRU1BOEcKQTFVZEV3RUIvd1FGTUFNQkFmOHdIUVlEVlIwT0JCWUVGQ1l5bXBYZGJOUS90L0JyckxuS25xWjBIaXFMTUEwRwpDU3FHU0liM0RRRUJDd1VBQTRJQmdRQVNMTW5zNXFZcFlBampGUkFOWEhqNjNmSy85ZVBjRHYvbkFVdXh0eVRuCko0UVIvb0hzUTNVTWFzVHp6Y0RWOEw5ejZVWG5HRG5VbCtCdHhhbEk4VXd6R1VDSnB6M2xpMHRzdG8rY25qM1IKSlRuWUxXRHY4UlM1WWxFd3FpY1N4ZkhlbkhWeWV5TkZIRytNNzRaNEhIeUx1RHoyVnFmeWpUYVZHL2dyQXphNwpMR002Y2kzUytYR0pEUkJIN05qUUlycVJkYkh2aitGWG1sUjU0cEVFMUFkNUhDSGliRlJVanNkcHpvalg2dm41CmZxeUMxeUlOZEN1eUtRWWJBenV5WmlJM3hUd3pZWGVqWlBaaU4yZXYzNndqU3ZpWThlUnhaMjVOckE0WGNURTUKdUdhUmh3ajBCZnRKTTBDVndPekcvT1RMdDFlVHMxaFhMaGoybGcwRnk2amo3NGExdGhtU2hXU2N2dFZZLysvcAphT3hRc0g3a0hFT1dnalVkMG5nRWpDeUJQWFZXZ0VXYmRPUjQ3S094V0xmalQyZGIyZkhsVEVjWHB2OUxkdjhTCmlwMk1KOEs2SnRhVzV3QzJXMVpCZU03V0sydmR3WDZOOUpDYXJRRVlNa245NlNpb3c1WkpIVFpZTUpMNDdFc2kKVE5WVG9Jemg5b1E2MWo2Qzdac3hjd2c9Ci0tLS0tRU5EIENFUlRJRklDQVRFLS0tLS0K",
                "password": "",
                "username": ""
              }
            ],
            "master_authorized_networks_config": [],
            "master_version": "1.21.9-gke.1002",
            "min_master_version": null,
            "monitoring_service": "monitoring.googleapis.com/kubernetes",
            "name": "ali-project-339613-gke",
            "network": "projects/ali-project-339613/global/networks/ali-project-339613-vpc",
            "network_policy": [
              {
                "enabled": false,
                "provider": "PROVIDER_UNSPECIFIED"
              }
            ],
            "node_config": [],
            "node_locations": [],
            "node_pool": [],
            "node_version": "1.21.9-gke.1002",
            "operation": null,
            "pod_security_policy_config": [],
            "private_cluster_config": [],
            "project": "ali-project-339613",
            "release_channel": [
              {
                "channel": "REGULAR"
              }
            ],
            "remove_default_node_pool": true,
            "resource_labels": null,
            "resource_usage_export_config": [],
            "self_link": "https://container.googleapis.com/v1beta1/projects/ali-project-339613/zones/us-central1-a/clusters/ali-project-339613-gke",
            "services_ipv4_cidr": "10.52.0.0/20",
            "subnetwork": "projects/ali-project-339613/regions/us-central1/subnetworks/ali-project-339613-subnet",
            "timeouts": null,
            "vertical_pod_autoscaling": [],
            "workload_identity_config": []
          },
          "sensitive_attributes": [],
          "private": "eyJlMmJmYjczMC1lY2FhLTExZTYtOGY4OC0zNDM2M2JjN2M0YzAiOnsiY3JlYXRlIjoyNDAwMDAwMDAwMDAwLCJkZWxldGUiOjI0MDAwMDAwMDAwMDAsInJlYWQiOjI0MDAwMDAwMDAwMDAsInVwZGF0ZSI6MzYwMDAwMDAwMDAwMH0sInNjaGVtYV92ZXJzaW9uIjoiMSJ9",
          "dependencies": [
            "google_compute_network.vpc",
            "google_compute_subnetwork.subnet"
          ]
        }
      ]
    },
    {
      "mode": "managed",
      "type": "google_container_node_pool",
      "name": "primary_nodes",
      "provider": "provider[\"registry.terraform.io/hashicorp/google\"]",
      "instances": [
        {
          "schema_version": 1,
          "attributes": {
            "autoscaling": [],
            "cluster": "ali-project-339613-gke",
            "id": "projects/ali-project-339613/locations/us-central1-a/clusters/ali-project-339613-gke/nodePools/ali-project-339613-gke-node-pool",
            "initial_node_count": 3,
            "instance_group_urls": [
              "https://www.googleapis.com/compute/v1/projects/ali-project-339613/zones/us-central1-a/instanceGroupManagers/gke-ali-project-3396-ali-project-3396-50a1cdd3-grp"
            ],
            "location": "us-central1-a",
            "management": [
              {
                "auto_repair": true,
                "auto_upgrade": true
              }
            ],
            "max_pods_per_node": 110,
            "name": "ali-project-339613-gke-node-pool",
            "name_prefix": "",
            "node_config": [
              {
                "disk_size_gb": 100,
                "disk_type": "pd-standard",
                "guest_accelerator": [],
                "image_type": "COS_CONTAINERD",
                "labels": {
                  "env": "ali-project-339613"
                },
                "local_ssd_count": 0,
                "machine_type": "n1-standard-1",
                "metadata": {
                  "disable-legacy-endpoints": "true"
                },
                "min_cpu_platform": "",
                "oauth_scopes": [
                  "https://www.googleapis.com/auth/logging.write",
                  "https://www.googleapis.com/auth/monitoring"
                ],
                "preemptible": false,
                "service_account": "default",
                "shielded_instance_config": [
                  {
                    "enable_integrity_monitoring": true,
                    "enable_secure_boot": false
                  }
                ],
                "tags": [
                  "gke-node",
                  "ali-project-339613-gke"
                ],
                "taint": [],
                "workload_metadata_config": []
              }
            ],
            "node_count": 3,
            "node_locations": [
              "us-central1-a"
            ],
            "project": "ali-project-339613",
            "timeouts": null,
            "upgrade_settings": [
              {
                "max_surge": 1,
                "max_unavailable": 0
              }
            ],
            "version": "1.21.9-gke.1002"
          },
          "sensitive_attributes": [],
          "private": "eyJlMmJmYjczMC1lY2FhLTExZTYtOGY4OC0zNDM2M2JjN2M0YzAiOnsiY3JlYXRlIjoxODAwMDAwMDAwMDAwLCJkZWxldGUiOjE4MDAwMDAwMDAwMDAsInVwZGF0ZSI6MTgwMDAwMDAwMDAwMH0sInNjaGVtYV92ZXJzaW9uIjoiMSJ9",
          "dependencies": [
            "google_compute_network.vpc",
            "google_compute_subnetwork.subnet",
            "google_container_cluster.primary"
          ]
        }
      ]
    }
  ]
}
